// !$*UTF8*$!
{
	archiveVersion = 1;
	classes = {
	};
	objectVersion = 63;
	objects = {

/* Begin PBXBuildFile section */
		04348EFC92482EF6AA7B588E /* DisplayMode.swift in Sources */ = {isa = PBXBuildFile; fileRef = 8CC4F6BE53F45D5BCC42545A /* DisplayMode.swift */; };
		06E2230956E91234FE97CCA5 /* PageView.swift in Sources */ = {isa = PBXBuildFile; fileRef = DCC01E101B54331D68BAE160 /* PageView.swift */; };
		0DC55AB94F2B96F314347C35 /* PageProvider.swift in Sources */ = {isa = PBXBuildFile; fileRef = 0545231A15982A41EB5F9ADC /* PageProvider.swift */; };
		1029F89A1AD2EF8A22EF557B /* ContentView.swift in Sources */ = {isa = PBXBuildFile; fileRef = 0C467151AF87E6CFC1FD1E2B /* ContentView.swift */; };
		10AF5F80E7556273ABD42672 /* ImageFileFilter.swift in Sources */ = {isa = PBXBuildFile; fileRef = C5E9F4D75BE9D692692C2C6C /* ImageFileFilter.swift */; };
		2365CBCA08A5D3555B82B05F /* SecurityScopedBookmarkManager.swift in Sources */ = {isa = PBXBuildFile; fileRef = C6A56D0D77B43E33F98042FC /* SecurityScopedBookmarkManager.swift */; };
		25747C6915A636010CA55785 /* ReaderView.swift in Sources */ = {isa = PBXBuildFile; fileRef = 343EB2CC8DA99B96ED5C15D6 /* ReaderView.swift */; };
		29F1F0C41ED99488DB61F1C6 /* Assets.xcassets in Resources */ = {isa = PBXBuildFile; fileRef = 6ADA5351DE9A07EBAA13B7CB /* Assets.xcassets */; };
		36A70AB102632C40557CE659 /* PrivacyInfo.xcprivacy in Resources */ = {isa = PBXBuildFile; fileRef = 15FF20FC943EC52B78AE71A9 /* PrivacyInfo.xcprivacy */; };
		39F1778C32D235099FFF7AA1 /* LibraryWatcher.swift in Sources */ = {isa = PBXBuildFile; fileRef = 556C67698F147626D1D23B96 /* LibraryWatcher.swift */; };
		4BCFA82AE50C6E72740CE2E1 /* SortOrder.swift in Sources */ = {isa = PBXBuildFile; fileRef = 6C95559C5F0BA744C085440E /* SortOrder.swift */; };
		52F4BB86C85F94A1D172E3E6 /* SettingsViewModel.swift in Sources */ = {isa = PBXBuildFile; fileRef = D0B5DE15B87F3F8938AA0860 /* SettingsViewModel.swift */; };
		5E37CA695384B0E46ECE8501 /* SpreadView.swift in Sources */ = {isa = PBXBuildFile; fileRef = AD6038A483EA1FBAAC06C193 /* SpreadView.swift */; };
		60AB87E6A1C9690E51A4A6A5 /* LibraryView.swift in Sources */ = {isa = PBXBuildFile; fileRef = 6D9A86374E249F11F12EF45D /* LibraryView.swift */; };
		638ECDFF7EBA7A3598D0BB05 /* ZipExtractor.swift in Sources */ = {isa = PBXBuildFile; fileRef = 138FC10BB63DC86935844539 /* ZipExtractor.swift */; };
		68D4411AE321E704A1A88F99 /* ReadingDirection.swift in Sources */ = {isa = PBXBuildFile; fileRef = 4BD7F4B6A388A709050ED0B4 /* ReadingDirection.swift */; };
		7759D0EDF0E7C966AF31AD4C /* ThumbnailGenerator.swift in Sources */ = {isa = PBXBuildFile; fileRef = 9875DB393E6656CDC4F8081E /* ThumbnailGenerator.swift */; };
		8C1FE04F46A8BDE6F5343AD7 /* Bookmark.swift in Sources */ = {isa = PBXBuildFile; fileRef = 4C3A5AB6F778DEA8FEDE0F0B /* Bookmark.swift */; };
		90179C7D3201E7E8166B2CDF /* KeyboardHandlerView.swift in Sources */ = {isa = PBXBuildFile; fileRef = 5F908C63079FA94648C2B818 /* KeyboardHandlerView.swift */; };
		945F1AFD457993EF0B37F4C2 /* SettingsView.swift in Sources */ = {isa = PBXBuildFile; fileRef = 5EF5F8B7BC2C296E2CFA27D1 /* SettingsView.swift */; };
		95A29C458E7DACCFCF21140A /* ZoomMode.swift in Sources */ = {isa = PBXBuildFile; fileRef = 316BC069B3F2C1CB982E02AA /* ZoomMode.swift */; };
		975F8DE5C513EA7A9386B883 /* Tag.swift in Sources */ = {isa = PBXBuildFile; fileRef = 3C5C3FC83DA027EB0FF03F2E /* Tag.swift */; };
		99F92A2B17CD109F2D0FE3BC /* MangaViewerError.swift in Sources */ = {isa = PBXBuildFile; fileRef = F1E096799D41A44916751652 /* MangaViewerError.swift */; };
		9B302751A3D671FED80E7891 /* LibraryViewModel.swift in Sources */ = {isa = PBXBuildFile; fileRef = 27D52A1D7F10C2F69105FBB1 /* LibraryViewModel.swift */; };
		A07805C3B7167E0D8AB4F144 /* SidebarView.swift in Sources */ = {isa = PBXBuildFile; fileRef = 8141365CDDFFF78E11574551 /* SidebarView.swift */; };
		A3A53132E3D01217DF739092 /* Constants.swift in Sources */ = {isa = PBXBuildFile; fileRef = BF7B1A17A1EF3BD73F187674 /* Constants.swift */; };
		A41F3ADAE4AC0290A8235322 /* ReaderToolbar.swift in Sources */ = {isa = PBXBuildFile; fileRef = D3124DE7D783FBA80F3ED311 /* ReaderToolbar.swift */; };
		A8C02A483CCC239073CC44D8 /* RarExtractor.swift in Sources */ = {isa = PBXBuildFile; fileRef = 21AA470EDEBC8CBBA6ABBA3A /* RarExtractor.swift */; };
		A9476E391E509B7E62237B19 /* BookGridItem.swift in Sources */ = {isa = PBXBuildFile; fileRef = E4830F4A402CDF181687F32D /* BookGridItem.swift */; };
		B0ABE78A49FAE9599E6CB3A0 /* MangaViewerApp.swift in Sources */ = {isa = PBXBuildFile; fileRef = AC1F0AA90AC81F718CD857D2 /* MangaViewerApp.swift */; };
		B3DBA0EDAD2CD519B2E0D312 /* ReaderViewModel.swift in Sources */ = {isa = PBXBuildFile; fileRef = 1BD023EFA5937F053C686434 /* ReaderViewModel.swift */; };
		D0A292A825710423F86E7CF3 /* ReadingProgress.swift in Sources */ = {isa = PBXBuildFile; fileRef = 76997D47FFFCA32B8BF7963E /* ReadingProgress.swift */; };
		D17035B39B6A22D26FCF99EC /* ImageFilter.swift in Sources */ = {isa = PBXBuildFile; fileRef = 505C26A07F6997CE577BFCF8 /* ImageFilter.swift */; };
		D4329F2292513BBCBE97FA01 /* ImageCache.swift in Sources */ = {isa = PBXBuildFile; fileRef = 135990D263ACA2F70D882570 /* ImageCache.swift */; };
		D51DDF236366D06A469D8B52 /* Unrar in Frameworks */ = {isa = PBXBuildFile; productRef = D3BC303E86B285ED89E6BD8A /* Unrar */; };
		D58579E86C4C2CF5F426B0CA /* ZIPFoundation in Frameworks */ = {isa = PBXBuildFile; productRef = 704EC7DC70F71DB72C3DAEAB /* ZIPFoundation */; };
		D92CB03C52CA8FE9DCD6F2AB /* FolderLoader.swift in Sources */ = {isa = PBXBuildFile; fileRef = 89C41C96E2C4E1CDCB8AB907 /* FolderLoader.swift */; };
		DB17AC0F81719FA2626A2CD9 /* ZoomableImageView.swift in Sources */ = {isa = PBXBuildFile; fileRef = 0BF4EA72CEBBE8457EBEA847 /* ZoomableImageView.swift */; };
		E285908EF1203EB2710C7129 /* MangaViewerTests.swift in Sources */ = {isa = PBXBuildFile; fileRef = 2D6C04EEB1F179A20B027035 /* MangaViewerTests.swift */; };
		E5E76AC15DB212F8AD83CB99 /* TagSidebar.swift in Sources */ = {isa = PBXBuildFile; fileRef = 86DA41229531350A872A955D /* TagSidebar.swift */; };
		E6BD9AEEB4495ED45EB09401 /* Book.swift in Sources */ = {isa = PBXBuildFile; fileRef = D0606A4A0986C9F33E26CEDF /* Book.swift */; };
		F0811738A324FC1ADB39074A /* ArchiveService.swift in Sources */ = {isa = PBXBuildFile; fileRef = 301E06B9D48CB8AC6FF5D034 /* ArchiveService.swift */; };
		F87F9BE20B87E8D1AE215C2E /* BookType.swift in Sources */ = {isa = PBXBuildFile; fileRef = 73BFE9EEAD34A9793038BF4F /* BookType.swift */; };
/* End PBXBuildFile section */

/* Begin PBXContainerItemProxy section */
		88D58C90D2AC5FD8D8649647 /* PBXContainerItemProxy */ = {
			isa = PBXContainerItemProxy;
			containerPortal = 2E0D9BCD99E6143C642FC82F /* Project object */;
			proxyType = 1;
			remoteGlobalIDString = 2297F2AC26143B184FF346BF;
			remoteInfo = MangaViewer;
		};
/* End PBXContainerItemProxy section */

/* Begin PBXFileReference section */
		0545231A15982A41EB5F9ADC /* PageProvider.swift */ = {isa = PBXFileReference; lastKnownFileType = sourcecode.swift; path = PageProvider.swift; sourceTree = "<group>"; };
		0BF4EA72CEBBE8457EBEA847 /* ZoomableImageView.swift */ = {isa = PBXFileReference; lastKnownFileType = sourcecode.swift; path = ZoomableImageView.swift; sourceTree = "<group>"; };
		0C467151AF87E6CFC1FD1E2B /* ContentView.swift */ = {isa = PBXFileReference; lastKnownFileType = sourcecode.swift; path = ContentView.swift; sourceTree = "<group>"; };
		135990D263ACA2F70D882570 /* ImageCache.swift */ = {isa = PBXFileReference; lastKnownFileType = sourcecode.swift; path = ImageCache.swift; sourceTree = "<group>"; };
		138FC10BB63DC86935844539 /* ZipExtractor.swift */ = {isa = PBXFileReference; lastKnownFileType = sourcecode.swift; path = ZipExtractor.swift; sourceTree = "<group>"; };
		15FF20FC943EC52B78AE71A9 /* PrivacyInfo.xcprivacy */ = {isa = PBXFileReference; lastKnownFileType = text.xml; path = PrivacyInfo.xcprivacy; sourceTree = "<group>"; };
		1BD023EFA5937F053C686434 /* ReaderViewModel.swift */ = {isa = PBXFileReference; lastKnownFileType = sourcecode.swift; path = ReaderViewModel.swift; sourceTree = "<group>"; };
		21AA470EDEBC8CBBA6ABBA3A /* RarExtractor.swift */ = {isa = PBXFileReference; lastKnownFileType = sourcecode.swift; path = RarExtractor.swift; sourceTree = "<group>"; };
		27D52A1D7F10C2F69105FBB1 /* LibraryViewModel.swift */ = {isa = PBXFileReference; lastKnownFileType = sourcecode.swift; path = LibraryViewModel.swift; sourceTree = "<group>"; };
		2D6C04EEB1F179A20B027035 /* MangaViewerTests.swift */ = {isa = PBXFileReference; lastKnownFileType = sourcecode.swift; path = MangaViewerTests.swift; sourceTree = "<group>"; };
		301E06B9D48CB8AC6FF5D034 /* ArchiveService.swift */ = {isa = PBXFileReference; lastKnownFileType = sourcecode.swift; path = ArchiveService.swift; sourceTree = "<group>"; };
		316BC069B3F2C1CB982E02AA /* ZoomMode.swift */ = {isa = PBXFileReference; lastKnownFileType = sourcecode.swift; path = ZoomMode.swift; sourceTree = "<group>"; };
		343EB2CC8DA99B96ED5C15D6 /* ReaderView.swift */ = {isa = PBXFileReference; lastKnownFileType = sourcecode.swift; path = ReaderView.swift; sourceTree = "<group>"; };
		3C5C3FC83DA027EB0FF03F2E /* Tag.swift */ = {isa = PBXFileReference; lastKnownFileType = sourcecode.swift; path = Tag.swift; sourceTree = "<group>"; };
		4BD7F4B6A388A709050ED0B4 /* ReadingDirection.swift */ = {isa = PBXFileReference; lastKnownFileType = sourcecode.swift; path = ReadingDirection.swift; sourceTree = "<group>"; };
		4C3A5AB6F778DEA8FEDE0F0B /* Bookmark.swift */ = {isa = PBXFileReference; lastKnownFileType = sourcecode.swift; path = Bookmark.swift; sourceTree = "<group>"; };
		505C26A07F6997CE577BFCF8 /* ImageFilter.swift */ = {isa = PBXFileReference; lastKnownFileType = sourcecode.swift; path = ImageFilter.swift; sourceTree = "<group>"; };
		556C67698F147626D1D23B96 /* LibraryWatcher.swift */ = {isa = PBXFileReference; lastKnownFileType = sourcecode.swift; path = LibraryWatcher.swift; sourceTree = "<group>"; };
		5EF5F8B7BC2C296E2CFA27D1 /* SettingsView.swift */ = {isa = PBXFileReference; lastKnownFileType = sourcecode.swift; path = SettingsView.swift; sourceTree = "<group>"; };
		5F908C63079FA94648C2B818 /* KeyboardHandlerView.swift */ = {isa = PBXFileReference; lastKnownFileType = sourcecode.swift; path = KeyboardHandlerView.swift; sourceTree = "<group>"; };
		6ADA5351DE9A07EBAA13B7CB /* Assets.xcassets */ = {isa = PBXFileReference; lastKnownFileType = folder.assetcatalog; path = Assets.xcassets; sourceTree = "<group>"; };
		6C95559C5F0BA744C085440E /* SortOrder.swift */ = {isa = PBXFileReference; lastKnownFileType = sourcecode.swift; path = SortOrder.swift; sourceTree = "<group>"; };
		6D9A86374E249F11F12EF45D /* LibraryView.swift */ = {isa = PBXFileReference; lastKnownFileType = sourcecode.swift; path = LibraryView.swift; sourceTree = "<group>"; };
		73BFE9EEAD34A9793038BF4F /* BookType.swift */ = {isa = PBXFileReference; lastKnownFileType = sourcecode.swift; path = BookType.swift; sourceTree = "<group>"; };
		76997D47FFFCA32B8BF7963E /* ReadingProgress.swift */ = {isa = PBXFileReference; lastKnownFileType = sourcecode.swift; path = ReadingProgress.swift; sourceTree = "<group>"; };
		8141365CDDFFF78E11574551 /* SidebarView.swift */ = {isa = PBXFileReference; lastKnownFileType = sourcecode.swift; path = SidebarView.swift; sourceTree = "<group>"; };
		86DA41229531350A872A955D /* TagSidebar.swift */ = {isa = PBXFileReference; lastKnownFileType = sourcecode.swift; path = TagSidebar.swift; sourceTree = "<group>"; };
		89C41C96E2C4E1CDCB8AB907 /* FolderLoader.swift */ = {isa = PBXFileReference; lastKnownFileType = sourcecode.swift; path = FolderLoader.swift; sourceTree = "<group>"; };
		8CC4F6BE53F45D5BCC42545A /* DisplayMode.swift */ = {isa = PBXFileReference; lastKnownFileType = sourcecode.swift; path = DisplayMode.swift; sourceTree = "<group>"; };
		9875DB393E6656CDC4F8081E /* ThumbnailGenerator.swift */ = {isa = PBXFileReference; lastKnownFileType = sourcecode.swift; path = ThumbnailGenerator.swift; sourceTree = "<group>"; };
		AC1F0AA90AC81F718CD857D2 /* MangaViewerApp.swift */ = {isa = PBXFileReference; lastKnownFileType = sourcecode.swift; path = MangaViewerApp.swift; sourceTree = "<group>"; };
		AD6038A483EA1FBAAC06C193 /* SpreadView.swift */ = {isa = PBXFileReference; lastKnownFileType = sourcecode.swift; path = SpreadView.swift; sourceTree = "<group>"; };
		BCC1616DBF0E0DE0F91054E3 /* MangaViewer.app */ = {isa = PBXFileReference; explicitFileType = wrapper.application; includeInIndex = 0; path = MangaViewer.app; sourceTree = BUILT_PRODUCTS_DIR; };
		BF7B1A17A1EF3BD73F187674 /* Constants.swift */ = {isa = PBXFileReference; lastKnownFileType = sourcecode.swift; path = Constants.swift; sourceTree = "<group>"; };
		C5E9F4D75BE9D692692C2C6C /* ImageFileFilter.swift */ = {isa = PBXFileReference; lastKnownFileType = sourcecode.swift; path = ImageFileFilter.swift; sourceTree = "<group>"; };
		C6A56D0D77B43E33F98042FC /* SecurityScopedBookmarkManager.swift */ = {isa = PBXFileReference; lastKnownFileType = sourcecode.swift; path = SecurityScopedBookmarkManager.swift; sourceTree = "<group>"; };
		D0606A4A0986C9F33E26CEDF /* Book.swift */ = {isa = PBXFileReference; lastKnownFileType = sourcecode.swift; path = Book.swift; sourceTree = "<group>"; };
		D0B5DE15B87F3F8938AA0860 /* SettingsViewModel.swift */ = {isa = PBXFileReference; lastKnownFileType = sourcecode.swift; path = SettingsViewModel.swift; sourceTree = "<group>"; };
		D3124DE7D783FBA80F3ED311 /* ReaderToolbar.swift */ = {isa = PBXFileReference; lastKnownFileType = sourcecode.swift; path = ReaderToolbar.swift; sourceTree = "<group>"; };
		DCC01E101B54331D68BAE160 /* PageView.swift */ = {isa = PBXFileReference; lastKnownFileType = sourcecode.swift; path = PageView.swift; sourceTree = "<group>"; };
		E4830F4A402CDF181687F32D /* BookGridItem.swift */ = {isa = PBXFileReference; lastKnownFileType = sourcecode.swift; path = BookGridItem.swift; sourceTree = "<group>"; };
		E822FDFFB2160B63E835BB76 /* MangaViewerTests.xctest */ = {isa = PBXFileReference; explicitFileType = wrapper.cfbundle; includeInIndex = 0; path = MangaViewerTests.xctest; sourceTree = BUILT_PRODUCTS_DIR; };
		F1E096799D41A44916751652 /* MangaViewerError.swift */ = {isa = PBXFileReference; lastKnownFileType = sourcecode.swift; path = MangaViewerError.swift; sourceTree = "<group>"; };
/* End PBXFileReference section */

/* Begin PBXFrameworksBuildPhase section */
		FD816EE3B087D16030E52E38 /* Frameworks */ = {
			isa = PBXFrameworksBuildPhase;
			buildActionMask = 2147483647;
			files = (
				D58579E86C4C2CF5F426B0CA /* ZIPFoundation in Frameworks */,
				D51DDF236366D06A469D8B52 /* Unrar in Frameworks */,
			);
			runOnlyForDeploymentPostprocessing = 0;
		};
/* End PBXFrameworksBuildPhase section */

/* Begin PBXGroup section */
		08E53F506ECBF274B0B14174 /* Views */ = {
			isa = PBXGroup;
			children = (
				0C467151AF87E6CFC1FD1E2B /* ContentView.swift */,
				7CCC14AFA981867F3008873B /* Library */,
				0C73D659DED50637602189DD /* Reader */,
				4A3B9D336DCBF9D475B64280 /* Settings */,
			);
			path = Views;
			sourceTree = "<group>";
		};
		0C73D659DED50637602189DD /* Reader */ = {
			isa = PBXGroup;
			children = (
				5F908C63079FA94648C2B818 /* KeyboardHandlerView.swift */,
				DCC01E101B54331D68BAE160 /* PageView.swift */,
				D3124DE7D783FBA80F3ED311 /* ReaderToolbar.swift */,
				343EB2CC8DA99B96ED5C15D6 /* ReaderView.swift */,
				AD6038A483EA1FBAAC06C193 /* SpreadView.swift */,
				0BF4EA72CEBBE8457EBEA847 /* ZoomableImageView.swift */,
			);
			path = Reader;
			sourceTree = "<group>";
		};
		3086A88FAF8333EA03BCE1DF /* MangaViewer */ = {
			isa = PBXGroup;
			children = (
				AC1F0AA90AC81F718CD857D2 /* MangaViewerApp.swift */,
				C69CE96FBC9EF12AA06FC3A7 /* Models */,
				B12D5CA03F88484DA258E4A9 /* Services */,
				C711DB2362807F2151586F7D /* Utilities */,
				8ED377313EBF2194FCFDB40A /* ViewModels */,
				08E53F506ECBF274B0B14174 /* Views */,
			);
			name = MangaViewer;
			path = Sources/MangaViewer;
			sourceTree = "<group>";
		};
		4A3B9D336DCBF9D475B64280 /* Settings */ = {
			isa = PBXGroup;
			children = (
				5EF5F8B7BC2C296E2CFA27D1 /* SettingsView.swift */,
			);
			path = Settings;
			sourceTree = "<group>";
		};
		6E99EFAD696F5E124103264A /* Resources */ = {
			isa = PBXGroup;
			children = (
				6ADA5351DE9A07EBAA13B7CB /* Assets.xcassets */,
				15FF20FC943EC52B78AE71A9 /* PrivacyInfo.xcprivacy */,
			);
			path = Resources;
			sourceTree = "<group>";
		};
		7CCC14AFA981867F3008873B /* Library */ = {
			isa = PBXGroup;
			children = (
				E4830F4A402CDF181687F32D /* BookGridItem.swift */,
				6D9A86374E249F11F12EF45D /* LibraryView.swift */,
				8141365CDDFFF78E11574551 /* SidebarView.swift */,
				86DA41229531350A872A955D /* TagSidebar.swift */,
			);
			path = Library;
			sourceTree = "<group>";
		};
		8ED377313EBF2194FCFDB40A /* ViewModels */ = {
			isa = PBXGroup;
			children = (
				27D52A1D7F10C2F69105FBB1 /* LibraryViewModel.swift */,
				1BD023EFA5937F053C686434 /* ReaderViewModel.swift */,
				D0B5DE15B87F3F8938AA0860 /* SettingsViewModel.swift */,
			);
			path = ViewModels;
			sourceTree = "<group>";
		};
		985523AAAC559D1A6402CB56 = {
			isa = PBXGroup;
			children = (
				3086A88FAF8333EA03BCE1DF /* MangaViewer */,
				E1D181EE8DF9B2E11C1F5290 /* MangaViewerTests */,
				6E99EFAD696F5E124103264A /* Resources */,
				D0A5DA23BB18281F1CB8E34E /* Products */,
			);
			sourceTree = "<group>";
		};
		B12D5CA03F88484DA258E4A9 /* Services */ = {
			isa = PBXGroup;
			children = (
				301E06B9D48CB8AC6FF5D034 /* ArchiveService.swift */,
				89C41C96E2C4E1CDCB8AB907 /* FolderLoader.swift */,
				135990D263ACA2F70D882570 /* ImageCache.swift */,
				C5E9F4D75BE9D692692C2C6C /* ImageFileFilter.swift */,
				556C67698F147626D1D23B96 /* LibraryWatcher.swift */,
				F1E096799D41A44916751652 /* MangaViewerError.swift */,
				0545231A15982A41EB5F9ADC /* PageProvider.swift */,
				21AA470EDEBC8CBBA6ABBA3A /* RarExtractor.swift */,
				C6A56D0D77B43E33F98042FC /* SecurityScopedBookmarkManager.swift */,
				9875DB393E6656CDC4F8081E /* ThumbnailGenerator.swift */,
				138FC10BB63DC86935844539 /* ZipExtractor.swift */,
			);
			path = Services;
			sourceTree = "<group>";
		};
		C69CE96FBC9EF12AA06FC3A7 /* Models */ = {
			isa = PBXGroup;
			children = (
				D0606A4A0986C9F33E26CEDF /* Book.swift */,
				4C3A5AB6F778DEA8FEDE0F0B /* Bookmark.swift */,
				73BFE9EEAD34A9793038BF4F /* BookType.swift */,
				76997D47FFFCA32B8BF7963E /* ReadingProgress.swift */,
				3C5C3FC83DA027EB0FF03F2E /* Tag.swift */,
			);
			path = Models;
			sourceTree = "<group>";
		};
		C711DB2362807F2151586F7D /* Utilities */ = {
			isa = PBXGroup;
			children = (
				BF7B1A17A1EF3BD73F187674 /* Constants.swift */,
				8CC4F6BE53F45D5BCC42545A /* DisplayMode.swift */,
				505C26A07F6997CE577BFCF8 /* ImageFilter.swift */,
				4BD7F4B6A388A709050ED0B4 /* ReadingDirection.swift */,
				6C95559C5F0BA744C085440E /* SortOrder.swift */,
				316BC069B3F2C1CB982E02AA /* ZoomMode.swift */,
			);
			path = Utilities;
			sourceTree = "<group>";
		};
		D0A5DA23BB18281F1CB8E34E /* Products */ = {
			isa = PBXGroup;
			children = (
				BCC1616DBF0E0DE0F91054E3 /* MangaViewer.app */,
				E822FDFFB2160B63E835BB76 /* MangaViewerTests.xctest */,
			);
			name = Products;
			sourceTree = "<group>";
		};
		E1D181EE8DF9B2E11C1F5290 /* MangaViewerTests */ = {
			isa = PBXGroup;
			children = (
				2D6C04EEB1F179A20B027035 /* MangaViewerTests.swift */,
			);
			name = MangaViewerTests;
			path = Tests/MangaViewerTests;
			sourceTree = "<group>";
		};
/* End PBXGroup section */

/* Begin PBXNativeTarget section */
		0EE89B6A2B8E5CC5DD9BE5C2 /* MangaViewerTests */ = {
			isa = PBXNativeTarget;
			buildConfigurationList = E0C09A490E9A03444D559FA6 /* Build configuration list for PBXNativeTarget "MangaViewerTests" */;
			buildPhases = (
				E003EDE81163E4FF1F303F35 /* Sources */,
			);
			buildRules = (
			);
			dependencies = (
				0817A92446DD16439B0118BB /* PBXTargetDependency */,
			);
			name = MangaViewerTests;
			packageProductDependencies = (
			);
			productName = MangaViewerTests;
			productReference = E822FDFFB2160B63E835BB76 /* MangaViewerTests.xctest */;
			productType = "com.apple.product-type.bundle.unit-test";
		};
		2297F2AC26143B184FF346BF /* MangaViewer */ = {
			isa = PBXNativeTarget;
			buildConfigurationList = DEBA5DBAAD5FD7DA3AB08EA8 /* Build configuration list for PBXNativeTarget "MangaViewer" */;
			buildPhases = (
				2B16268EE5235C6A40D1CC51 /* Sources */,
				2389B382ED6F45948A2B6B91 /* Resources */,
				FD816EE3B087D16030E52E38 /* Frameworks */,
			);
			buildRules = (
			);
			dependencies = (
			);
			name = MangaViewer;
			packageProductDependencies = (
				704EC7DC70F71DB72C3DAEAB /* ZIPFoundation */,
				D3BC303E86B285ED89E6BD8A /* Unrar */,
			);
			productName = MangaViewer;
			productReference = BCC1616DBF0E0DE0F91054E3 /* MangaViewer.app */;
			productType = "com.apple.product-type.application";
		};
/* End PBXNativeTarget section */

/* Begin PBXProject section */
		2E0D9BCD99E6143C642FC82F /* Project object */ = {
			isa = PBXProject;
			attributes = {
				BuildIndependentTargetsInParallel = YES;
				LastUpgradeCheck = 1600;
				TargetAttributes = {
					2297F2AC26143B184FF346BF = {
						ProvisioningStyle = Automatic;
					};
				};
			};
			buildConfigurationList = 0DACAC09E500D7860076DDE8 /* Build configuration list for PBXProject "MangaViewer" */;
			compatibilityVersion = "Xcode 14.0";
			developmentRegion = en;
			hasScannedForEncodings = 0;
			knownRegions = (
				Base,
				en,
			);
			mainGroup = 985523AAAC559D1A6402CB56;
			minimizedProjectReferenceProxies = 1;
			packageReferences = (
				FB0EFE5C2A5EED73DA8BAE3D /* XCRemoteSwiftPackageReference "Unrar.swift" */,
				F6B563D399D078F150B8B5DC /* XCRemoteSwiftPackageReference "ZIPFoundation" */,
			);
			projectDirPath = "";
			projectRoot = "";
			targets = (
				2297F2AC26143B184FF346BF /* MangaViewer */,
				0EE89B6A2B8E5CC5DD9BE5C2 /* MangaViewerTests */,
			);
		};
/* End PBXProject section */

/* Begin PBXResourcesBuildPhase section */
		2389B382ED6F45948A2B6B91 /* Resources */ = {
			isa = PBXResourcesBuildPhase;
			buildActionMask = 2147483647;
			files = (
				29F1F0C41ED99488DB61F1C6 /* Assets.xcassets in Resources */,
				36A70AB102632C40557CE659 /* PrivacyInfo.xcprivacy in Resources */,
			);
			runOnlyForDeploymentPostprocessing = 0;
		};
/* End PBXResourcesBuildPhase section */

/* Begin PBXSourcesBuildPhase section */
		2B16268EE5235C6A40D1CC51 /* Sources */ = {
			isa = PBXSourcesBuildPhase;
			buildActionMask = 2147483647;
			files = (
				F0811738A324FC1ADB39074A /* ArchiveService.swift in Sources */,
				E6BD9AEEB4495ED45EB09401 /* Book.swift in Sources */,
				A9476E391E509B7E62237B19 /* BookGridItem.swift in Sources */,
				F87F9BE20B87E8D1AE215C2E /* BookType.swift in Sources */,
				8C1FE04F46A8BDE6F5343AD7 /* Bookmark.swift in Sources */,
				A3A53132E3D01217DF739092 /* Constants.swift in Sources */,
				1029F89A1AD2EF8A22EF557B /* ContentView.swift in Sources */,
				04348EFC92482EF6AA7B588E /* DisplayMode.swift in Sources */,
				D92CB03C52CA8FE9DCD6F2AB /* FolderLoader.swift in Sources */,
				D4329F2292513BBCBE97FA01 /* ImageCache.swift in Sources */,
				10AF5F80E7556273ABD42672 /* ImageFileFilter.swift in Sources */,
				D17035B39B6A22D26FCF99EC /* ImageFilter.swift in Sources */,
				90179C7D3201E7E8166B2CDF /* KeyboardHandlerView.swift in Sources */,
				60AB87E6A1C9690E51A4A6A5 /* LibraryView.swift in Sources */,
				9B302751A3D671FED80E7891 /* LibraryViewModel.swift in Sources */,
				39F1778C32D235099FFF7AA1 /* LibraryWatcher.swift in Sources */,
				B0ABE78A49FAE9599E6CB3A0 /* MangaViewerApp.swift in Sources */,
				99F92A2B17CD109F2D0FE3BC /* MangaViewerError.swift in Sources */,
				0DC55AB94F2B96F314347C35 /* PageProvider.swift in Sources */,
				06E2230956E91234FE97CCA5 /* PageView.swift in Sources */,
				A8C02A483CCC239073CC44D8 /* RarExtractor.swift in Sources */,
				A41F3ADAE4AC0290A8235322 /* ReaderToolbar.swift in Sources */,
				25747C6915A636010CA55785 /* ReaderView.swift in Sources */,
				B3DBA0EDAD2CD519B2E0D312 /* ReaderViewModel.swift in Sources */,
				68D4411AE321E704A1A88F99 /* ReadingDirection.swift in Sources */,
				D0A292A825710423F86E7CF3 /* ReadingProgress.swift in Sources */,
				2365CBCA08A5D3555B82B05F /* SecurityScopedBookmarkManager.swift in Sources */,
				945F1AFD457993EF0B37F4C2 /* SettingsView.swift in Sources */,
				52F4BB86C85F94A1D172E3E6 /* SettingsViewModel.swift in Sources */,
				A07805C3B7167E0D8AB4F144 /* SidebarView.swift in Sources */,
				4BCFA82AE50C6E72740CE2E1 /* SortOrder.swift in Sources */,
				5E37CA695384B0E46ECE8501 /* SpreadView.swift in Sources */,
				975F8DE5C513EA7A9386B883 /* Tag.swift in Sources */,
				E5E76AC15DB212F8AD83CB99 /* TagSidebar.swift in Sources */,
				7759D0EDF0E7C966AF31AD4C /* ThumbnailGenerator.swift in Sources */,
				638ECDFF7EBA7A3598D0BB05 /* ZipExtractor.swift in Sources */,
				95A29C458E7DACCFCF21140A /* ZoomMode.swift in Sources */,
				DB17AC0F81719FA2626A2CD9 /* ZoomableImageView.swift in Sources */,
			);
			runOnlyForDeploymentPostprocessing = 0;
		};
		E003EDE81163E4FF1F303F35 /* Sources */ = {
			isa = PBXSourcesBuildPhase;
			buildActionMask = 2147483647;
			files = (
				E285908EF1203EB2710C7129 /* MangaViewerTests.swift in Sources */,
			);
			runOnlyForDeploymentPostprocessing = 0;
		};
/* End PBXSourcesBuildPhase section */

/* Begin PBXTargetDependency section */
		0817A92446DD16439B0118BB /* PBXTargetDependency */ = {
			isa = PBXTargetDependency;
			target = 2297F2AC26143B184FF346BF /* MangaViewer */;
			targetProxy = 88D58C90D2AC5FD8D8649647 /* PBXContainerItemProxy */;
		};
/* End PBXTargetDependency section */

/* Begin XCBuildConfiguration section */
		1FC61BF3E8C5B7A20F12BAA6 /* Debug */ = {
			isa = XCBuildConfiguration;
			buildSettings = {
				BUNDLE_LOADER = "$(TEST_HOST)";
				COMBINE_HIDPI_IMAGES = YES;
				GENERATE_INFOPLIST_FILE = YES;
				LD_RUNPATH_SEARCH_PATHS = (
					"$(inherited)",
					"@executable_path/../Frameworks",
					"@loader_path/../Frameworks",
				);
				PRODUCT_BUNDLE_IDENTIFIER = work.okamyuji.mangaviewer.tests;
				SDKROOT = macosx;
				TEST_HOST = "$(BUILT_PRODUCTS_DIR)/MangaViewer.app/Contents/MacOS/MangaViewer";
			};
			name = Debug;
		};
		37D520F09CF2F24DCBA1E6E5 /* Release */ = {
			isa = XCBuildConfiguration;
			buildSettings = {
				BUNDLE_LOADER = "$(TEST_HOST)";
				COMBINE_HIDPI_IMAGES = YES;
				GENERATE_INFOPLIST_FILE = YES;
				LD_RUNPATH_SEARCH_PATHS = (
					"$(inherited)",
					"@executable_path/../Frameworks",
					"@loader_path/../Frameworks",
				);
				PRODUCT_BUNDLE_IDENTIFIER = work.okamyuji.mangaviewer.tests;
				SDKROOT = macosx;
				TEST_HOST = "$(BUILT_PRODUCTS_DIR)/MangaViewer.app/Contents/MacOS/MangaViewer";
			};
			name = Release;
		};
		3D005BDE2CFA258321556ED8 /* Release */ = {
			isa = XCBuildConfiguration;
			buildSettings = {
				ASSETCATALOG_COMPILER_APPICON_NAME = AppIcon;
				CODE_SIGN_ENTITLEMENTS = MangaViewer.entitlements;
				CODE_SIGN_STYLE = Automatic;
				COMBINE_HIDPI_IMAGES = YES;
				DEVELOPMENT_TEAM = P2HW44ZU6P;
				ENABLE_UPCOMING_FEATURE_STRICT_CONCURRENCY = YES;
				GENERATE_INFOPLIST_FILE = NO;
				INFOPLIST_FILE = Info.plist;
				LD_RUNPATH_SEARCH_PATHS = (
					"$(inherited)",
					"@executable_path/../Frameworks",
				);
				MACOSX_DEPLOYMENT_TARGET = 14.0;
				PRODUCT_BUNDLE_IDENTIFIER = work.okamyuji.mangaviewer;
				SDKROOT = macosx;
				SWIFT_OPTIMIZATION_LEVEL = "-O";
				SWIFT_STRICT_CONCURRENCY = complete;
				SWIFT_VERSION = 5.9;
			};
			name = Release;
		};
		6843A27D71D281D71307289B /* Release */ = {
			isa = XCBuildConfiguration;
			buildSettings = {
				ALWAYS_SEARCH_USER_PATHS = NO;
				CLANG_ANALYZER_NONNULL = YES;
				CLANG_ANALYZER_NUMBER_OBJECT_CONVERSION = YES_AGGRESSIVE;
				CLANG_CXX_LANGUAGE_STANDARD = "gnu++14";
				CLANG_CXX_LIBRARY = "libc++";
				CLANG_ENABLE_MODULES = YES;
				CLANG_ENABLE_OBJC_ARC = YES;
				CLANG_ENABLE_OBJC_WEAK = YES;
				CLANG_WARN_BLOCK_CAPTURE_AUTORELEASING = YES;
				CLANG_WARN_BOOL_CONVERSION = YES;
				CLANG_WARN_COMMA = YES;
				CLANG_WARN_CONSTANT_CONVERSION = YES;
				CLANG_WARN_DEPRECATED_OBJC_IMPLEMENTATIONS = YES;
				CLANG_WARN_DIRECT_OBJC_ISA_USAGE = YES_ERROR;
				CLANG_WARN_DOCUMENTATION_COMMENTS = YES;
				CLANG_WARN_EMPTY_BODY = YES;
				CLANG_WARN_ENUM_CONVERSION = YES;
				CLANG_WARN_INFINITE_RECURSION = YES;
				CLANG_WARN_INT_CONVERSION = YES;
				CLANG_WARN_NON_LITERAL_NULL_CONVERSION = YES;
				CLANG_WARN_OBJC_IMPLICIT_RETAIN_SELF = YES;
				CLANG_WARN_OBJC_LITERAL_CONVERSION = YES;
				CLANG_WARN_OBJC_ROOT_CLASS = YES_ERROR;
				CLANG_WARN_QUOTED_INCLUDE_IN_FRAMEWORK_HEADER = YES;
				CLANG_WARN_RANGE_LOOP_ANALYSIS = YES;
				CLANG_WARN_STRICT_PROTOTYPES = YES;
				CLANG_WARN_SUSPICIOUS_MOVE = YES;
				CLANG_WARN_UNGUARDED_AVAILABILITY = YES_AGGRESSIVE;
				CLANG_WARN_UNREACHABLE_CODE = YES;
				CLANG_WARN__DUPLICATE_METHOD_MATCH = YES;
				COPY_PHASE_STRIP = NO;
				DEBUG_INFORMATION_FORMAT = "dwarf-with-dsym";
				ENABLE_NS_ASSERTIONS = NO;
				ENABLE_STRICT_OBJC_MSGSEND = YES;
				GCC_C_LANGUAGE_STANDARD = gnu11;
				GCC_NO_COMMON_BLOCKS = YES;
				GCC_WARN_64_TO_32_BIT_CONVERSION = YES;
				GCC_WARN_ABOUT_RETURN_TYPE = YES_ERROR;
				GCC_WARN_UNDECLARED_SELECTOR = YES;
				GCC_WARN_UNINITIALIZED_AUTOS = YES_AGGRESSIVE;
				GCC_WARN_UNUSED_FUNCTION = YES;
				GCC_WARN_UNUSED_VARIABLE = YES;
				MACOSX_DEPLOYMENT_TARGET = 14.0;
				MTL_ENABLE_DEBUG_INFO = NO;
				MTL_FAST_MATH = YES;
				PRODUCT_NAME = "$(TARGET_NAME)";
				SDKROOT = macosx;
				SWIFT_COMPILATION_MODE = wholemodule;
				SWIFT_OPTIMIZATION_LEVEL = "-O";
				SWIFT_VERSION = 5.0;
			};
			name = Release;
		};
		BBCD790D9ABA82CB524EEECD /* Debug */ = {
			isa = XCBuildConfiguration;
			buildSettings = {
				ASSETCATALOG_COMPILER_APPICON_NAME = AppIcon;
				CODE_SIGN_ENTITLEMENTS = MangaViewer.entitlements;
				CODE_SIGN_STYLE = Automatic;
				COMBINE_HIDPI_IMAGES = YES;
				DEVELOPMENT_TEAM = P2HW44ZU6P;
				ENABLE_UPCOMING_FEATURE_STRICT_CONCURRENCY = YES;
				GENERATE_INFOPLIST_FILE = NO;
				INFOPLIST_FILE = Info.plist;
				LD_RUNPATH_SEARCH_PATHS = (
					"$(inherited)",
					"@executable_path/../Frameworks",
				);
				MACOSX_DEPLOYMENT_TARGET = 14.0;
				PRODUCT_BUNDLE_IDENTIFIER = work.okamyuji.mangaviewer;
				SDKROOT = macosx;
				SWIFT_ACTIVE_COMPILATION_CONDITIONS = DEBUG;
				SWIFT_STRICT_CONCURRENCY = complete;
				SWIFT_VERSION = 5.9;
			};
			name = Debug;
		};
		C1AB71BEBCD11EB7E7BEA42D /* Debug */ = {
			isa = XCBuildConfiguration;
			buildSettings = {
				ALWAYS_SEARCH_USER_PATHS = NO;
				CLANG_ANALYZER_NONNULL = YES;
				CLANG_ANALYZER_NUMBER_OBJECT_CONVERSION = YES_AGGRESSIVE;
				CLANG_CXX_LANGUAGE_STANDARD = "gnu++14";
				CLANG_CXX_LIBRARY = "libc++";
				CLANG_ENABLE_MODULES = YES;
				CLANG_ENABLE_OBJC_ARC = YES;
				CLANG_ENABLE_OBJC_WEAK = YES;
				CLANG_WARN_BLOCK_CAPTURE_AUTORELEASING = YES;
				CLANG_WARN_BOOL_CONVERSION = YES;
				CLANG_WARN_COMMA = YES;
				CLANG_WARN_CONSTANT_CONVERSION = YES;
				CLANG_WARN_DEPRECATED_OBJC_IMPLEMENTATIONS = YES;
				CLANG_WARN_DIRECT_OBJC_ISA_USAGE = YES_ERROR;
				CLANG_WARN_DOCUMENTATION_COMMENTS = YES;
				CLANG_WARN_EMPTY_BODY = YES;
				CLANG_WARN_ENUM_CONVERSION = YES;
				CLANG_WARN_INFINITE_RECURSION = YES;
				CLANG_WARN_INT_CONVERSION = YES;
				CLANG_WARN_NON_LITERAL_NULL_CONVERSION = YES;
				CLANG_WARN_OBJC_IMPLICIT_RETAIN_SELF = YES;
				CLANG_WARN_OBJC_LITERAL_CONVERSION = YES;
				CLANG_WARN_OBJC_ROOT_CLASS = YES_ERROR;
				CLANG_WARN_QUOTED_INCLUDE_IN_FRAMEWORK_HEADER = YES;
				CLANG_WARN_RANGE_LOOP_ANALYSIS = YES;
				CLANG_WARN_STRICT_PROTOTYPES = YES;
				CLANG_WARN_SUSPICIOUS_MOVE = YES;
				CLANG_WARN_UNGUARDED_AVAILABILITY = YES_AGGRESSIVE;
				CLANG_WARN_UNREACHABLE_CODE = YES;
				CLANG_WARN__DUPLICATE_METHOD_MATCH = YES;
				COPY_PHASE_STRIP = NO;
				DEBUG_INFORMATION_FORMAT = dwarf;
				ENABLE_STRICT_OBJC_MSGSEND = YES;
				ENABLE_TESTABILITY = YES;
				GCC_C_LANGUAGE_STANDARD = gnu11;
				GCC_DYNAMIC_NO_PIC = NO;
				GCC_NO_COMMON_BLOCKS = YES;
				GCC_OPTIMIZATION_LEVEL = 0;
				GCC_PREPROCESSOR_DEFINITIONS = (
					"$(inherited)",
					"DEBUG=1",
				);
				GCC_WARN_64_TO_32_BIT_CONVERSION = YES;
				GCC_WARN_ABOUT_RETURN_TYPE = YES_ERROR;
				GCC_WARN_UNDECLARED_SELECTOR = YES;
				GCC_WARN_UNINITIALIZED_AUTOS = YES_AGGRESSIVE;
				GCC_WARN_UNUSED_FUNCTION = YES;
				GCC_WARN_UNUSED_VARIABLE = YES;
				MACOSX_DEPLOYMENT_TARGET = 14.0;
				MTL_ENABLE_DEBUG_INFO = INCLUDE_SOURCE;
				MTL_FAST_MATH = YES;
				ONLY_ACTIVE_ARCH = YES;
				PRODUCT_NAME = "$(TARGET_NAME)";
				SDKROOT = macosx;
				SWIFT_ACTIVE_COMPILATION_CONDITIONS = DEBUG;
				SWIFT_OPTIMIZATION_LEVEL = "-Onone";
				SWIFT_VERSION = 5.0;
			};
			name = Debug;
		};
/* End XCBuildConfiguration section */

/* Begin XCConfigurationList section */
		0DACAC09E500D7860076DDE8 /* Build configuration list for PBXProject "MangaViewer" */ = {
			isa = XCConfigurationList;
			buildConfigurations = (
				C1AB71BEBCD11EB7E7BEA42D /* Debug */,
				6843A27D71D281D71307289B /* Release */,
			);
			defaultConfigurationIsVisible = 0;
			defaultConfigurationName = Debug;
		};
		DEBA5DBAAD5FD7DA3AB08EA8 /* Build configuration list for PBXNativeTarget "MangaViewer" */ = {
			isa = XCConfigurationList;
			buildConfigurations = (
				BBCD790D9ABA82CB524EEECD /* Debug */,
				3D005BDE2CFA258321556ED8 /* Release */,
			);
			defaultConfigurationIsVisible = 0;
			defaultConfigurationName = Debug;
		};
		E0C09A490E9A03444D559FA6 /* Build configuration list for PBXNativeTarget "MangaViewerTests" */ = {
			isa = XCConfigurationList;
			buildConfigurations = (
				1FC61BF3E8C5B7A20F12BAA6 /* Debug */,
				37D520F09CF2F24DCBA1E6E5 /* Release */,
			);
			defaultConfigurationIsVisible = 0;
			defaultConfigurationName = Debug;
		};
/* End XCConfigurationList section */

/* Begin XCRemoteSwiftPackageReference section */
		F6B563D399D078F150B8B5DC /* XCRemoteSwiftPackageReference "ZIPFoundation" */ = {
			isa = XCRemoteSwiftPackageReference;
			repositoryURL = "https://github.com/weichsel/ZIPFoundation.git";
			requirement = {
				kind = upToNextMajorVersion;
				minimumVersion = 0.9.0;
			};
		};
		FB0EFE5C2A5EED73DA8BAE3D /* XCRemoteSwiftPackageReference "Unrar.swift" */ = {
			isa = XCRemoteSwiftPackageReference;
			repositoryURL = "https://github.com/mtgto/Unrar.swift.git";
			requirement = {
				kind = upToNextMajorVersion;
				minimumVersion = 0.3.0;
			};
		};
/* End XCRemoteSwiftPackageReference section */

/* Begin XCSwiftPackageProductDependency section */
		704EC7DC70F71DB72C3DAEAB /* ZIPFoundation */ = {
			isa = XCSwiftPackageProductDependency;
			package = F6B563D399D078F150B8B5DC /* XCRemoteSwiftPackageReference "ZIPFoundation" */;
			productName = ZIPFoundation;
		};
		D3BC303E86B285ED89E6BD8A /* Unrar */ = {
			isa = XCSwiftPackageProductDependency;
			package = FB0EFE5C2A5EED73DA8BAE3D /* XCRemoteSwiftPackageReference "Unrar.swift" */;
			productName = Unrar;
		};
/* End XCSwiftPackageProductDependency section */
	};
	rootObject = 2E0D9BCD99E6143C642FC82F /* Project object */;
}
